
Microsoft Visual Studio Solution File, Format Version 12.00
# Visual Studio Version 16
VisualStudioVersion = 16.0.30611.23
MinimumVisualStudioVersion = 10.0.40219.1
Project("{FAE04EC0-301F-11D3-BF4B-00C04F79EFBC}") = "OrderinTest", "OrderinTest\OrderinTest.csproj", "{94E9ABF3-0093-44F5-93C4-054FDDCB4C81}"
EndProject
Global
	GlobalSection(SolutionConfigurationPlatforms) = preSolution
		Debug|Any CPU = Debug|Any CPU
		Release|Any CPU = Release|Any CPU
	EndGlobalSection
	GlobalSection(ProjectConfigurationPlatforms) = postSolution
		{94E9ABF3-0093-44F5-93C4-054FDDCB4C81}.Debug|Any CPU.ActiveCfg = Debug|Any CPU
		{94E9ABF3-0093-44F5-93C4-054FDDCB4C81}.Debug|Any CPU.Build.0 = Debug|Any CPU
		{94E9ABF3-0093-44F5-93C4-054FDDCB4C81}.Release|Any CPU.ActiveCfg = Release|Any CPU
		{94E9ABF3-0093-44F5-93C4-054FDDCB4C81}.Release|Any CPU.Build.0 = Release|Any CPU
	EndGlobalSection
	GlobalSection(SolutionProperties) = preSolution
		HideSolutionNode = FALSE
	EndGlobalSection
	GlobalSection(ExtensibilityGlobals) = postSolution
		SolutionGuid = {0092E639-D0DE-4AA4-A1FA-6F7CD183DE99}
	EndGlobalSection
EndGlobal
